
Microsoft Visual Studio Solution File, Format Version 12.00
# Visual Studio Version 16
VisualStudioVersion = 16.0.31911.196
MinimumVisualStudioVersion = 10.0.40219.1
Project("{FAE04EC0-301F-11D3-BF4B-00C04F79EFBC}") = "AzDemo", "AzDemo\AzDemo.csproj", "{0B6BAA4F-1A82-42F2-B279-FE3CEFB413B3}"
EndProject
Global
	GlobalSection(SolutionConfigurationPlatforms) = preSolution
		Debug|Any CPU = Debug|Any CPU
		Release|Any CPU = Release|Any CPU
	EndGlobalSection
	GlobalSection(ProjectConfigurationPlatforms) = postSolution
		{0B6BAA4F-1A82-42F2-B279-FE3CEFB413B3}.Debug|Any CPU.ActiveCfg = Debug|Any CPU
		{0B6BAA4F-1A82-42F2-B279-FE3CEFB413B3}.Debug|Any CPU.Build.0 = Debug|Any CPU
		{0B6BAA4F-1A82-42F2-B279-FE3CEFB413B3}.Release|Any CPU.ActiveCfg = Release|Any CPU
		{0B6BAA4F-1A82-42F2-B279-FE3CEFB413B3}.Release|Any CPU.Build.0 = Release|Any CPU
	EndGlobalSection
	GlobalSection(SolutionProperties) = preSolution
		HideSolutionNode = FALSE
	EndGlobalSection
	GlobalSection(ExtensibilityGlobals) = postSolution
		SolutionGuid = {B6660810-85AD-4271-92F2-709AB8B75DF2}
	EndGlobalSection
EndGlobal
